
Microsoft Visual Studio Solution File, Format Version 12.00
# Visual Studio Version 16
VisualStudioVersion = 16.0.30804.86
MinimumVisualStudioVersion = 10.0.40219.1
Project("{FAE04EC0-301F-11D3-BF4B-00C04F79EFBC}") = "EventsAppRemastered.Android", "EventsAppRemastered\EventsAppRemastered.Android\EventsAppRemastered.Android.csproj", "{553EC127-9A25-41B1-8213-9E8E5F3D08A9}"
EndProject
Project("{FAE04EC0-301F-11D3-BF4B-00C04F79EFBC}") = "EventsAppRemastered", "EventsAppRemastered\EventsAppRemastered\EventsAppRemastered.csproj", "{8C105245-66DE-4404-BDFA-2D6425770619}"
EndProject
Global
	GlobalSection(SolutionConfigurationPlatforms) = preSolution
		Debug|Any CPU = Debug|Any CPU
		Release|Any CPU = Release|Any CPU
	EndGlobalSection
	GlobalSection(ProjectConfigurationPlatforms) = postSolution
		{553EC127-9A25-41B1-8213-9E8E5F3D08A9}.Debug|Any CPU.ActiveCfg = Debug|Any CPU
		{553EC127-9A25-41B1-8213-9E8E5F3D08A9}.Debug|Any CPU.Build.0 = Debug|Any CPU
		{553EC127-9A25-41B1-8213-9E8E5F3D08A9}.Debug|Any CPU.Deploy.0 = Debug|Any CPU
		{553EC127-9A25-41B1-8213-9E8E5F3D08A9}.Release|Any CPU.ActiveCfg = Release|Any CPU
		{553EC127-9A25-41B1-8213-9E8E5F3D08A9}.Release|Any CPU.Build.0 = Release|Any CPU
		{553EC127-9A25-41B1-8213-9E8E5F3D08A9}.Release|Any CPU.Deploy.0 = Release|Any CPU
		{8C105245-66DE-4404-BDFA-2D6425770619}.Debug|Any CPU.ActiveCfg = Debug|Any CPU
		{8C105245-66DE-4404-BDFA-2D6425770619}.Debug|Any CPU.Build.0 = Debug|Any CPU
		{8C105245-66DE-4404-BDFA-2D6425770619}.Debug|Any CPU.Deploy.0 = Debug|Any CPU
		{8C105245-66DE-4404-BDFA-2D6425770619}.Release|Any CPU.ActiveCfg = Release|Any CPU
		{8C105245-66DE-4404-BDFA-2D6425770619}.Release|Any CPU.Build.0 = Release|Any CPU
		{8C105245-66DE-4404-BDFA-2D6425770619}.Release|Any CPU.Deploy.0 = Release|Any CPU
	EndGlobalSection
	GlobalSection(SolutionProperties) = preSolution
		HideSolutionNode = FALSE
	EndGlobalSection
	GlobalSection(ExtensibilityGlobals) = postSolution
		SolutionGuid = {8E815D54-8B34-462C-B285-33146471DB57}
	EndGlobalSection
EndGlobal
